
Microsoft Visual Studio Solution File, Format Version 12.00
# Visual Studio Version 16
VisualStudioVersion = 16.0.31729.503
MinimumVisualStudioVersion = 10.0.40219.1
Project("{FAE04EC0-301F-11D3-BF4B-00C04F79EFBC}") = "WebApplicationHerdez", "..\WebApplicationHerdez\WebApplicationHerdez.csproj", "{BF1AA2A3-71ED-4937-8FE0-F69603C43FDF}"
EndProject
Project("{FAE04EC0-301F-11D3-BF4B-00C04F79EFBC}") = "WebAppHerdez.DTOs", "..\WebAppHerdez.DTOs\WebAppHerdez.DTOs.csproj", "{C46A4941-094A-4D5A-A251-E767CE4F07EE}"
EndProject
Project("{FAE04EC0-301F-11D3-BF4B-00C04F79EFBC}") = "WebAppHerdez.Services", "..\WebAppHerdez.Services\WebAppHerdez.Services.csproj", "{778F422B-47DE-45B3-94FD-41FFECAB0615}"
EndProject
Project("{FAE04EC0-301F-11D3-BF4B-00C04F79EFBC}") = "WebAppHerdezApi", "..\WebAppHerdezApi\WebAppHerdezApi.csproj", "{DC57B566-D9EB-4534-B95D-6F2B07FC07F3}"
EndProject
Global
	GlobalSection(SolutionConfigurationPlatforms) = preSolution
		Debug|Any CPU = Debug|Any CPU
		Release|Any CPU = Release|Any CPU
	EndGlobalSection
	GlobalSection(ProjectConfigurationPlatforms) = postSolution
		{BF1AA2A3-71ED-4937-8FE0-F69603C43FDF}.Debug|Any CPU.ActiveCfg = Debug|Any CPU
		{BF1AA2A3-71ED-4937-8FE0-F69603C43FDF}.Debug|Any CPU.Build.0 = Debug|Any CPU
		{BF1AA2A3-71ED-4937-8FE0-F69603C43FDF}.Release|Any CPU.ActiveCfg = Release|Any CPU
		{BF1AA2A3-71ED-4937-8FE0-F69603C43FDF}.Release|Any CPU.Build.0 = Release|Any CPU
		{C46A4941-094A-4D5A-A251-E767CE4F07EE}.Debug|Any CPU.ActiveCfg = Debug|Any CPU
		{C46A4941-094A-4D5A-A251-E767CE4F07EE}.Debug|Any CPU.Build.0 = Debug|Any CPU
		{C46A4941-094A-4D5A-A251-E767CE4F07EE}.Release|Any CPU.ActiveCfg = Release|Any CPU
		{C46A4941-094A-4D5A-A251-E767CE4F07EE}.Release|Any CPU.Build.0 = Release|Any CPU
		{778F422B-47DE-45B3-94FD-41FFECAB0615}.Debug|Any CPU.ActiveCfg = Debug|Any CPU
		{778F422B-47DE-45B3-94FD-41FFECAB0615}.Debug|Any CPU.Build.0 = Debug|Any CPU
		{778F422B-47DE-45B3-94FD-41FFECAB0615}.Release|Any CPU.ActiveCfg = Release|Any CPU
		{778F422B-47DE-45B3-94FD-41FFECAB0615}.Release|Any CPU.Build.0 = Release|Any CPU
		{DC57B566-D9EB-4534-B95D-6F2B07FC07F3}.Debug|Any CPU.ActiveCfg = Debug|Any CPU
		{DC57B566-D9EB-4534-B95D-6F2B07FC07F3}.Debug|Any CPU.Build.0 = Debug|Any CPU
		{DC57B566-D9EB-4534-B95D-6F2B07FC07F3}.Release|Any CPU.ActiveCfg = Release|Any CPU
		{DC57B566-D9EB-4534-B95D-6F2B07FC07F3}.Release|Any CPU.Build.0 = Release|Any CPU
	EndGlobalSection
	GlobalSection(SolutionProperties) = preSolution
		HideSolutionNode = FALSE
	EndGlobalSection
	GlobalSection(ExtensibilityGlobals) = postSolution
		SolutionGuid = {54CD8697-7F52-4EB1-9A90-602EE45AF009}
	EndGlobalSection
EndGlobal
